# THIS IS AN AUTOGENERATED FILE. DO NOT EDIT THIS FILE DIRECTLY.
# yarn lockfile v1


"@babel/runtime@7.11.2":
  version "7.11.2"
  resolved "https://registry.yarnpkg.com/@babel/runtime/-/runtime-7.11.2.tgz#f549c13c754cc40b87644b9fa9f09a6a95fe0736"
  integrity sha512-TeWkU52so0mPtDcaCTxNBI/IHiz0pZgr8VEFqXFtZWpYD08ZB6FaSwVAS8MKRQAP3bYKiVjwysOJgMFY28o6Tw==
  dependencies:
    regenerator-runtime "^0.13.4"

ajv-formats@^2.1.1:
  version "2.1.1"
  resolved "https://registry.yarnpkg.com/ajv-formats/-/ajv-formats-2.1.1.tgz#6e669400659eb74973bbf2e33327180a0996b520"
  integrity sha512-Wx0Kx52hxE7C18hkMEggYlEifqWZtYaRgouJor+WMdPnQyEK13vgEWyVNup7SoeeoLMsr4kf5h6dOW11I15MUA==
  dependencies:
    ajv "^8.0.0"

ajv@^8.0.0, ajv@^8.6.3:
  version "8.6.3"
  resolved "https://registry.yarnpkg.com/ajv/-/ajv-8.6.3.tgz#11a66527761dc3e9a3845ea775d2d3c0414e8764"
  integrity sha512-SMJOdDP6LqTkD0Uq8qLi+gMwSt0imXLSV080qFVwJCpH9U6Mb+SUGHAXM0KNbcBPguytWyvFxcHgMLe2D2XSpw==
  dependencies:
    fast-deep-equal "^3.1.1"
    json-schema-traverse "^1.0.0"
    require-from-string "^2.0.2"
    uri-js "^4.2.2"

atomically@^1.7.0:
  version "1.7.0"
  resolved "https://registry.yarnpkg.com/atomically/-/atomically-1.7.0.tgz#c07a0458432ea6dbc9a3506fffa424b48bccaafe"
  integrity sha512-Xcz9l0z7y9yQ9rdDaxlmaI4uJHf/T8g9hOEzJcsEqX2SjCj4J20uK7+ldkDHMbpJDK76wF7xEIgxc/vSlsfw5w==

bindings@^1.3.0:
  version "1.5.0"
  resolved "https://registry.yarnpkg.com/bindings/-/bindings-1.5.0.tgz#10353c9e945334bc0511a6d90b38fbc7c9c504df"
  integrity sha512-p2q/t/mhvuOj/UeLlV6566GD/guowlr0hHxClI0W9m7MWYkL1F0hLo+0Aexs9HSPCtR1SXQ0TD3MMKrXZajbiQ==
  dependencies:
    file-uri-to-path "1.0.0"

conf@^10.0.3:
  version "10.0.3"
  resolved "https://registry.yarnpkg.com/conf/-/conf-10.0.3.tgz#af266186cc754daefd2749398861ec538c50da17"
  integrity sha512-4gtQ/Q36qVxBzMe6B7gWOAfni1VdhuHkIzxydHkclnwGmgN+eW4bb6jj73vigCfr7d3WlmqawvhZrpCUCTPYxQ==
  dependencies:
    ajv "^8.6.3"
    ajv-formats "^2.1.1"
    atomically "^1.7.0"
    debounce-fn "^4.0.0"
    dot-prop "^6.0.1"
    env-paths "^2.2.1"
    json-schema-typed "^7.0.3"
    onetime "^5.1.2"
    pkg-up "^3.1.0"
    semver "^7.3.5"

debounce-fn@^4.0.0:
  version "4.0.0"
  resolved "https://registry.yarnpkg.com/debounce-fn/-/debounce-fn-4.0.0.tgz#ed76d206d8a50e60de0dd66d494d82835ffe61c7"
  integrity sha512-8pYCQiL9Xdcg0UPSD3d+0KMlOjp+KGU5EPwYddgzQ7DATsg4fuUDjQtsYLmWjnk2obnNHgV3vE2Y4jejSOJVBQ==
  dependencies:
    mimic-fn "^3.0.0"

debug@^2.2.0:
  version "2.6.9"
  resolved "https://registry.yarnpkg.com/debug/-/debug-2.6.9.tgz#5d128515df134ff327e90a4c93f4e077a536341f"
  integrity sha512-bC7ElrdJaJnPbAP+1EotYvqZsb3ecl5wi6Bfi6BJTUcNowp6cvspg0jXznRTKDjm/E7AdgFBVeAPVMNcKGsHMA==
  dependencies:
    ms "2.0.0"

debug@^4.0.1:
  version "4.3.2"
  resolved "https://registry.yarnpkg.com/debug/-/debug-4.3.2.tgz#f0a49c18ac8779e31d4a0c6029dfb76873c7428b"
  integrity sha512-mOp8wKcvj7XxC78zLgw/ZA+6TSgkoE2C/ienthhRD298T7UNwAg9diBpLRxC0mOezLl4B0xV7M0cCO6P/O0Xhw==
  dependencies:
    ms "2.1.2"

discord-rich-presence@^0.0.8:
  version "0.0.8"
  resolved "https://registry.yarnpkg.com/discord-rich-presence/-/discord-rich-presence-0.0.8.tgz#7a2b41ff87a278e8a2c8835cd91c9890d6b9fbdd"
  integrity sha512-IpVMPjv15C9UvppxvrrGdv6bzQHOW1P1vLoMH15HvdJwGJ3dBd2bnrJ63Uy36YRUfrAMxGLiwUDHncvC8AuPaQ==
  dependencies:
    discord-rpc "github:discordjs/rpc"

"discord-rpc@github:discordjs/rpc":
  version "4.0.1"
  resolved "https://codeload.github.com/discordjs/rpc/tar.gz/6f83d8d812c87cb7ae22064acd132600407d7d05"
  dependencies:
    node-fetch "^2.6.1"
    ws "^7.3.1"
  optionalDependencies:
    register-scheme "github:devsnek/node-register-scheme"

dot-prop@^6.0.1:
  version "6.0.1"
  resolved "https://registry.yarnpkg.com/dot-prop/-/dot-prop-6.0.1.tgz#fc26b3cf142b9e59b74dbd39ed66ce620c681083"
  integrity sha512-tE7ztYzXHIeyvc7N+hR3oi7FIbf/NIjVP9hmAt3yMXzrQ072/fpjGLx2GxNxGxUl5V73MEqYzioOMoVhGMJ5cA==
  dependencies:
    is-obj "^2.0.0"

electron-is-accelerator@^0.1.0:
  version "0.1.2"
  resolved "https://registry.yarnpkg.com/electron-is-accelerator/-/electron-is-accelerator-0.1.2.tgz#509e510c26a56b55e17f863a4b04e111846ab27b"
  integrity sha1-UJ5RDCala1Xhf4Y6SwThEYRqsns=

electron-is-dev@^0.3.0:
  version "0.3.0"
  resolved "https://registry.yarnpkg.com/electron-is-dev/-/electron-is-dev-0.3.0.tgz#14e6fda5c68e9e4ecbeff9ccf037cbd7c05c5afe"
  integrity sha1-FOb9pcaOnk7L7/nM8DfL18BcWv4=

electron-localshortcut@^3.2.1:
  version "3.2.1"
  resolved "https://registry.yarnpkg.com/electron-localshortcut/-/electron-localshortcut-3.2.1.tgz#cfc83a3eff5e28faf98ddcc87f80a2ce4f623cd3"
  integrity sha512-DWvhKv36GsdXKnaFFhEiK8kZZA+24/yFLgtTwJJHc7AFgDjNRIBJZ/jq62Y/dWv9E4ypYwrVWN2bVrCYw1uv7Q==
  dependencies:
    debug "^4.0.1"
    electron-is-accelerator "^0.1.0"
    keyboardevent-from-electron-accelerator "^2.0.0"
    keyboardevents-areequal "^0.2.1"

electron-prompt@^1.7.0:
  version "1.7.0"
  resolved "https://registry.yarnpkg.com/electron-prompt/-/electron-prompt-1.7.0.tgz#6f9dedb2dac1dd6bad2e6592ab81cb87c37f2a35"
  integrity sha512-IfqJYEgcRO6NuyPROo8AtdkAiZ6N9I1lQEf4dJAkPuhV5YgOHdmLqZJf6OXumZJfzrjpzCM5jHeYOrhGdgbnEA==

electron-squirrel-startup@^1.0.0:
  version "1.0.0"
  resolved "https://registry.yarnpkg.com/electron-squirrel-startup/-/electron-squirrel-startup-1.0.0.tgz#19b4e55933fa0ef8f556784b9c660f772546a0b8"
  integrity sha1-GbTlWTP6Dvj1VnhLnGYPdyVGoLg=
  dependencies:
    debug "^2.2.0"

electron-store@^8.0.1:
  version "8.0.1"
  resolved "https://registry.yarnpkg.com/electron-store/-/electron-store-8.0.1.tgz#9b598c1d2edeffebee9d8c1cd957ad368c528925"
  integrity sha512-ZyLvNywiqSpbwC/pp89O/AycVWY/UJIkmtyzF2Bd0Nm/rLmcFc0NTGuLdg6+LE8mS8qsiK5JMoe4PnrecLHH5w==
  dependencies:
    conf "^10.0.3"
    type-fest "^1.0.2"

env-paths@^2.2.1:
  version "2.2.1"
  resolved "https://registry.yarnpkg.com/env-paths/-/env-paths-2.2.1.tgz#420399d416ce1fbe9bc0a07c62fa68d67fd0f8f2"
  integrity sha512-+h1lkLKhZMTYjog1VEpJNG7NZJWcuc2DDk/qsqSTRRCOXiLjeQ1d1/udrUGhqMxUgAlwKNZ0cf2uqan5GLuS2A==

fast-deep-equal@^3.1.1:
  version "3.1.3"
  resolved "https://registry.yarnpkg.com/fast-deep-equal/-/fast-deep-equal-3.1.3.tgz#3a7d56b559d6cbc3eb512325244e619a65c6c525"
  integrity sha512-f3qQ9oQy9j2AhBe/H9VC91wLmKBCCU/gDOnKNAYG5hswO7BLKj09Hc5HYNz9cGI++xlpDCIgDaitVs03ATR84Q==

file-uri-to-path@1.0.0:
  version "1.0.0"
  resolved "https://registry.yarnpkg.com/file-uri-to-path/-/file-uri-to-path-1.0.0.tgz#553a7b8446ff6f684359c445f1e37a05dacc33dd"
  integrity sha512-0Zt+s3L7Vf1biwWZ29aARiVYLx7iMGnEUl9x33fbB/j3jR81u/O2LbqK+Bm1CDSNDKVtJ/YjwY7TUd5SkeLQLw==

find-up@^3.0.0:
  version "3.0.0"
  resolved "https://registry.yarnpkg.com/find-up/-/find-up-3.0.0.tgz#49169f1d7993430646da61ecc5ae355c21c97b73"
  integrity sha512-1yD6RmLI1XBfxugvORwlck6f75tYL+iR0jqwsOrOxMZyGYqUuDhJ0l4AXdO1iX/FTs9cBAMEk1gWSEx1kSbylg==
  dependencies:
    locate-path "^3.0.0"

follow-redirects@^1.14.5:
  version "1.14.5"
  resolved "https://registry.yarnpkg.com/follow-redirects/-/follow-redirects-1.14.5.tgz#f09a5848981d3c772b5392309778523f8d85c381"
  integrity sha512-wtphSXy7d4/OR+MvIFbCVBDzZ5520qV8XfPklSN5QtxuMUJZ+b0Wnst1e1lCDocfzuCkHqj8k0FpZqO+UIaKNA==

get-blob-duration@^1.2.0:
  version "1.2.0"
  resolved "https://registry.yarnpkg.com/get-blob-duration/-/get-blob-duration-1.2.0.tgz#73cf7dac2fbaa219a5a03d5e5093e06e43814d49"
  integrity sha512-2xNJa+oKznR21eC2ThMzw4a1931a3ogA8aHoY92xruZufc/02G7pl/P793GJZytkyI8xMJ2DepEQ7MWvg/tn/Q==
  dependencies:
    "@babel/runtime" "7.11.2"

github-url-to-object@^4.0.4:
  version "4.0.6"
  resolved "https://registry.yarnpkg.com/github-url-to-object/-/github-url-to-object-4.0.6.tgz#5ea8701dc8c336b8d582dc3fa5bf964165c3b365"
  integrity sha512-NaqbYHMUAlPcmWFdrAB7bcxrNIiiJWJe8s/2+iOc9vlcHlwHqSGrPk+Yi3nu6ebTwgsZEa7igz+NH2vEq3gYwQ==
  dependencies:
    is-url "^1.1.0"

is-obj@^2.0.0:
  version "2.0.0"
  resolved "https://registry.yarnpkg.com/is-obj/-/is-obj-2.0.0.tgz#473fb05d973705e3fd9620545018ca8e22ef4982"
  integrity sha512-drqDG3cbczxxEJRoOXcOjtdp1J/lyp1mNn0xaznRs8+muBhgQcrnbspox5X5fOw0HnMnbfDzvnEMEtqDEJEo8w==

is-url@^1.1.0, is-url@^1.2.4:
  version "1.2.4"
  resolved "https://registry.yarnpkg.com/is-url/-/is-url-1.2.4.tgz#04a4df46d28c4cff3d73d01ff06abeb318a1aa52"
  integrity sha512-ITvGim8FhRiYe4IQ5uHSkj7pVaPDrCTkNd3yq3cV7iZAcJdHTUMPMEHcqSOy9xZ9qFenQCvi+2wjH9a1nXqHww==

json-schema-traverse@^1.0.0:
  version "1.0.0"
  resolved "https://registry.yarnpkg.com/json-schema-traverse/-/json-schema-traverse-1.0.0.tgz#ae7bcb3656ab77a73ba5c49bf654f38e6b6860e2"
  integrity sha512-NM8/P9n3XjXhIZn1lLhkFaACTOURQXjWhV4BA/RnOv8xvgqtqpAX9IO4mRQxSx1Rlo4tqzeqb0sOlruaOy3dug==

json-schema-typed@^7.0.3:
  version "7.0.3"
  resolved "https://registry.yarnpkg.com/json-schema-typed/-/json-schema-typed-7.0.3.tgz#23ff481b8b4eebcd2ca123b4fa0409e66469a2d9"
  integrity sha512-7DE8mpG+/fVw+dTpjbxnx47TaMnDfOI1jwft9g1VybltZCduyRQPJPvc+zzKY9WPHxhPWczyFuYa6I8Mw4iU5A==

keyboardevent-from-electron-accelerator@^2.0.0:
  version "2.0.0"
  resolved "https://registry.yarnpkg.com/keyboardevent-from-electron-accelerator/-/keyboardevent-from-electron-accelerator-2.0.0.tgz#ace21b1aa4e47148815d160057f9edb66567c50c"
  integrity sha512-iQcmNA0M4ETMNi0kG/q0h/43wZk7rMeKYrXP7sqKIJbHkTU8Koowgzv+ieR/vWJbOwxx5nDC3UnudZ0aLSu4VA==

keyboardevents-areequal@^0.2.1:
  version "0.2.2"
  resolved "https://registry.yarnpkg.com/keyboardevents-areequal/-/keyboardevents-areequal-0.2.2.tgz#88191ec738ce9f7591c25e9056de928b40277194"
  integrity sha512-Nv+Kr33T0mEjxR500q+I6IWisOQ0lK1GGOncV0kWE6n4KFmpcu7RUX5/2B0EUtX51Cb0HjZ9VJsSY3u4cBa0kw==

locate-path@^3.0.0:
  version "3.0.0"
  resolved "https://registry.yarnpkg.com/locate-path/-/locate-path-3.0.0.tgz#dbec3b3ab759758071b58fe59fc41871af21400e"
  integrity sha512-7AO748wWnIhNqAuaty2ZWHkQHRSNfPVIsPIfwEOWO22AmaoVrWavlOcMR5nzTLNYvp36X220/maaRsrec1G65A==
  dependencies:
    p-locate "^3.0.0"
    path-exists "^3.0.0"

lru-cache@^6.0.0:
  version "6.0.0"
  resolved "https://registry.yarnpkg.com/lru-cache/-/lru-cache-6.0.0.tgz#6d6fe6570ebd96aaf90fcad1dafa3b2566db3a94"
  integrity sha512-Jo6dJ04CmSjuznwJSS3pUeWmd/H0ffTlkXXgwZi+eq1UCmqQwCh+eLsYOYCwY991i2Fah4h1BEMCx4qThGbsiA==
  dependencies:
    yallist "^4.0.0"

mimic-fn@^2.1.0:
  version "2.1.0"
  resolved "https://registry.yarnpkg.com/mimic-fn/-/mimic-fn-2.1.0.tgz#7ed2c2ccccaf84d3ffcb7a69b57711fc2083401b"
  integrity sha512-OqbOk5oEQeAZ8WXWydlu9HJjz9WVdEIvamMCcXmuqUYjTknH/sqsWvhQ3vgwKFRR1HpjvNBKQ37nbJgYzGqGcg==

mimic-fn@^3.0.0:
  version "3.1.0"
  resolved "https://registry.yarnpkg.com/mimic-fn/-/mimic-fn-3.1.0.tgz#65755145bbf3e36954b949c16450427451d5ca74"
  integrity sha512-Ysbi9uYW9hFyfrThdDEQuykN4Ey6BuwPD2kpI5ES/nFTDn/98yxYNLZJcgUAKPT/mcrLLKaGzJR9YVxJrIdASQ==

ms@2.0.0:
  version "2.0.0"
  resolved "https://registry.yarnpkg.com/ms/-/ms-2.0.0.tgz#5608aeadfc00be6c2901df5f9861788de0d597c8"
  integrity sha1-VgiurfwAvmwpAd9fmGF4jeDVl8g=

ms@2.1.2:
  version "2.1.2"
  resolved "https://registry.yarnpkg.com/ms/-/ms-2.1.2.tgz#d09d1f357b443f493382a8eb3ccd183872ae6009"
  integrity sha512-sGkPx+VjMtmA6MX27oA4FBFELFCZZ4S4XqeGOXCv68tT+jb3vk/RyaKWP0PTKyWtmLSM0b+adUTEvbs1PEaH2w==

ms@^2.1.1:
  version "2.1.3"
  resolved "https://registry.yarnpkg.com/ms/-/ms-2.1.3.tgz#574c8138ce1d2b5861f0b44579dbadd60c6615b2"
  integrity sha512-6FlzubTLZG3J2a/NVCAleEhjzq5oxgHyaCU9yYXvcLsvoVaHJq/s5xXI6/XXP6tz7R9xAOtHnSO/tXtF3WRTlA==

node-addon-api@^1.3.0:
  version "1.7.2"
  resolved "https://registry.yarnpkg.com/node-addon-api/-/node-addon-api-1.7.2.tgz#3df30b95720b53c24e59948b49532b662444f54d"
  integrity sha512-ibPK3iA+vaY1eEjESkQkM0BbCqFOaZMiXRTtdB0u7b4djtY6JnsjvPdUHVMg6xQt3B8fpTTWHI9A+ADjM9frzg==

node-fetch@2.6.5:
  version "2.6.5"
  resolved "https://registry.yarnpkg.com/node-fetch/-/node-fetch-2.6.5.tgz#42735537d7f080a7e5f78b6c549b7146be1742fd"
  integrity sha512-mmlIVHJEu5rnIxgEgez6b9GgWXbkZj5YZ7fx+2r94a2E+Uirsp6HsPTPlomfdHtpt/B0cdKviwkoaM6pyvUOpQ==
  dependencies:
    whatwg-url "^5.0.0"

node-fetch@^2.6.1:
  version "2.6.6"
  resolved "https://registry.yarnpkg.com/node-fetch/-/node-fetch-2.6.6.tgz#1751a7c01834e8e1697758732e9efb6eeadfaf89"
  integrity sha512-Z8/6vRlTUChSdIgMa51jxQ4lrw/Jy5SOW10ObaA47/RElsAN2c5Pn8bTgFGWn/ibwzXTE8qwr1Yzx28vsecXEA==
  dependencies:
    whatwg-url "^5.0.0"

onetime@^5.1.2:
  version "5.1.2"
  resolved "https://registry.yarnpkg.com/onetime/-/onetime-5.1.2.tgz#d0e96ebb56b07476df1dd9c4806e5237985ca45e"
  integrity sha512-kbpaSSGJTWdAY5KPVeMOKXSrPtr8C8C7wodJbcsd51jRnmD+GZu8Y0VoU6Dm5Z4vWr0Ig/1NKuWRKf7j5aaYSg==
  dependencies:
    mimic-fn "^2.1.0"

p-limit@^2.0.0:
  version "2.3.0"
  resolved "https://registry.yarnpkg.com/p-limit/-/p-limit-2.3.0.tgz#3dd33c647a214fdfffd835933eb086da0dc21db1"
  integrity sha512-//88mFWSJx8lxCzwdAABTJL2MyWB12+eIY7MDL2SqLmAkeKU9qxRvWuSyTjm3FUmpBEMuFfckAIqEaVGUDxb6w==
  dependencies:
    p-try "^2.0.0"

p-locate@^3.0.0:
  version "3.0.0"
  resolved "https://registry.yarnpkg.com/p-locate/-/p-locate-3.0.0.tgz#322d69a05c0264b25997d9f40cd8a891ab0064a4"
  integrity sha512-x+12w/To+4GFfgJhBEpiDcLozRJGegY+Ei7/z0tSLkMmxGZNybVMSfWj9aJn8Z5Fc7dBUNJOOVgPv2H7IwulSQ==
  dependencies:
    p-limit "^2.0.0"

p-try@^2.0.0:
  version "2.2.0"
  resolved "https://registry.yarnpkg.com/p-try/-/p-try-2.2.0.tgz#cb2868540e313d61de58fafbe35ce9004d5540e6"
  integrity sha512-R4nPAVTAU0B9D35/Gk3uJf/7XYbQcyohSKdvAxIRSNghFl4e71hVoGnBNQz9cWaXxO2I10KTC+3jMdvvoKw6dQ==

path-exists@^3.0.0:
  version "3.0.0"
  resolved "https://registry.yarnpkg.com/path-exists/-/path-exists-3.0.0.tgz#ce0ebeaa5f78cb18925ea7d810d7b59b010fd515"
  integrity sha1-zg6+ql94yxiSXqfYENe1mwEP1RU=

pkg-up@^3.1.0:
  version "3.1.0"
  resolved "https://registry.yarnpkg.com/pkg-up/-/pkg-up-3.1.0.tgz#100ec235cc150e4fd42519412596a28512a0def5"
  integrity sha512-nDywThFk1i4BQK4twPQ6TA4RT8bDY96yeuCVBWL3ePARCiEKDRSrNGbFIgUJpLp+XeIR65v8ra7WuJOFUBtkMA==
  dependencies:
    find-up "^3.0.0"

punycode@^2.1.0:
  version "2.1.1"
  resolved "https://registry.yarnpkg.com/punycode/-/punycode-2.1.1.tgz#b58b010ac40c22c5657616c8d2c2c02c7bf479ec"
  integrity sha512-XRsRjdf+j5ml+y/6GKHPZbrF/8p2Yga0JPtdqTIY2Xe5ohJPD9saDJJLPvp9+NSBprVvevdXZybnj2cv8OEd0A==

regenerator-runtime@^0.13.4:
  version "0.13.9"
  resolved "https://registry.yarnpkg.com/regenerator-runtime/-/regenerator-runtime-0.13.9.tgz#8925742a98ffd90814988d7566ad30ca3b263b52"
  integrity sha512-p3VT+cOEgxFsRRA9X4lkI1E+k2/CtnKtU4gcxyaCUreilL/vqI6CdZ3wxVUx3UOUg+gnUOQQcRI7BmSI656MYA==

"register-scheme@github:devsnek/node-register-scheme":
  version "0.0.2"
  resolved "https://codeload.github.com/devsnek/node-register-scheme/tar.gz/e7cc9a63a1f512565da44cb57316d9fb10750e17"
  dependencies:
    bindings "^1.3.0"
    node-addon-api "^1.3.0"

require-from-string@^2.0.2:
  version "2.0.2"
  resolved "https://registry.yarnpkg.com/require-from-string/-/require-from-string-2.0.2.tgz#89a7fdd938261267318eafe14f9c32e598c36909"
  integrity sha512-Xf0nWe6RseziFMu+Ap9biiUbmplq6S9/p+7w7YXP/JBHhrUDDUhwa+vANyubuqfZWTveU//DYVGsDG7RKL/vEw==

semver@^7.3.5:
  version "7.3.5"
  resolved "https://registry.yarnpkg.com/semver/-/semver-7.3.5.tgz#0b621c879348d8998e4b0e4be94b3f12e6018ef7"
  integrity sha512-PoeGJYh8HK4BTO/a9Tf6ZG3veo/A7ZVsYrSA6J8ny9nb3B1VrpkuN+z9OE5wfE5p6H4LchYZsegiQgbJD94ZFQ==
  dependencies:
    lru-cache "^6.0.0"

tr46@~0.0.3:
  version "0.0.3"
  resolved "https://registry.yarnpkg.com/tr46/-/tr46-0.0.3.tgz#8184fd347dac9cdc185992f3a6622e14b9d9ab6a"
  integrity sha1-gYT9NH2snNwYWZLzpmIuFLnZq2o=

type-fest@^1.0.2:
  version "1.4.0"
  resolved "https://registry.yarnpkg.com/type-fest/-/type-fest-1.4.0.tgz#e9fb813fe3bf1744ec359d55d1affefa76f14be1"
  integrity sha512-yGSza74xk0UG8k+pLh5oeoYirvIiWo5t0/o3zHHAO2tRDiZcxWP7fywNlXhqb6/r6sWvwi+RsyQMWhVLe4BVuA==

update-electron-app@^2.0.1:
  version "2.0.1"
  resolved "https://registry.yarnpkg.com/update-electron-app/-/update-electron-app-2.0.1.tgz#229dbeb4534f51ec949e6a46ae1ac32f68a17eed"
  integrity sha512-e4xEner89UZZaBGYJbYlMdL1uUrC0VjOsTAL2N4opPjzFtn+j7mdsJJsnyXZzUVeLY+8tuCX4XEsUM98oBHmZg==
  dependencies:
    electron-is-dev "^0.3.0"
    github-url-to-object "^4.0.4"
    is-url "^1.2.4"
    ms "^2.1.1"

uri-js@^4.2.2:
  version "4.4.1"
  resolved "https://registry.yarnpkg.com/uri-js/-/uri-js-4.4.1.tgz#9b1a52595225859e55f669d928f88c6c57f2a77e"
  integrity sha512-7rKUyy33Q1yc98pQ1DAmLtwX109F7TIfWlW1Ydo8Wl1ii1SeHieeh0HHfPeL2fMXK6z0s8ecKs9frCuLJvndBg==
  dependencies:
    punycode "^2.1.0"

v8-compile-cache@^2.3.0:
  version "2.3.0"
  resolved "https://registry.yarnpkg.com/v8-compile-cache/-/v8-compile-cache-2.3.0.tgz#2de19618c66dc247dcfb6f99338035d8245a2cee"
  integrity sha512-l8lCEmLcLYZh4nbunNZvQCJc5pv7+RCwa8q/LdUx8u7lsWvPDKmpodJAJNwkAhJC//dFY48KuIEmjtd4RViDrA==

webidl-conversions@^3.0.0:
  version "3.0.1"
  resolved "https://registry.yarnpkg.com/webidl-conversions/-/webidl-conversions-3.0.1.tgz#24534275e2a7bc6be7bc86611cc16ae0a5654871"
  integrity sha1-JFNCdeKnvGvnvIZhHMFq4KVlSHE=

whatwg-url@^5.0.0:
  version "5.0.0"
  resolved "https://registry.yarnpkg.com/whatwg-url/-/whatwg-url-5.0.0.tgz#966454e8765462e37644d3626f6742ce8b70965d"
  integrity sha1-lmRU6HZUYuN2RNNib2dCzotwll0=
  dependencies:
    tr46 "~0.0.3"
    webidl-conversions "^3.0.0"

ws@^7.3.1:
  version "7.5.5"
  resolved "https://registry.yarnpkg.com/ws/-/ws-7.5.5.tgz#8b4bc4af518cfabd0473ae4f99144287b33eb881"
  integrity sha512-BAkMFcAzl8as1G/hArkxOxq3G7pjUqQ3gzYbLL0/5zNkph70e+lCoxBGnm6AW1+/aiNeV4fnKqZ8m4GZewmH2w==

yallist@^4.0.0:
  version "4.0.0"
  resolved "https://registry.yarnpkg.com/yallist/-/yallist-4.0.0.tgz#9bb92790d9c0effec63be73519e11a35019a3a72"
  integrity sha512-3wdGidZyq5PB084XLES5TpOSRA3wjXAlIWMhum2kRcv/41Sn2emQ0dycQW4uZXLejwKvg6EsvbdlVL+FYEct7A==
